// !$*UTF8*$!
{
	archiveVersion = 1;
	classes = {
	};
	objectVersion = 46;
	objects = {

/* Begin PBXBuildFile section */
		731B44E41D5498FA00C144A8 /* Config.swift in Sources */ = {isa = PBXBuildFile; fileRef = 731B44E31D5498FA00C144A8 /* Config.swift */; };
		735559301C33DFCC00C8DFF7 /* main.swift in Sources */ = {isa = PBXBuildFile; fileRef = 7355592F1C33DFCC00C8DFF7 /* main.swift */; };
		73E90F411D12E3DB00E32853 /* ANSIColors.swift in Sources */ = {isa = PBXBuildFile; fileRef = 73E90E2D1D12E3DB00E32853 /* ANSIColors.swift */; };
		73E90FE71D12E40D00E32853 /* Box.swift in Sources */ = {isa = PBXBuildFile; fileRef = 73E90FC71D12E40D00E32853 /* Box.swift */; };
		73E90FE81D12E40D00E32853 /* Common.swift in Sources */ = {isa = PBXBuildFile; fileRef = 73E90FC81D12E40D00E32853 /* Common.swift */; };
		73E90FE91D12E40D00E32853 /* Configuration.swift in Sources */ = {isa = PBXBuildFile; fileRef = 73E90FC91D12E40D00E32853 /* Configuration.swift */; };
		73E90FEA1D12E40D00E32853 /* Context.swift in Sources */ = {isa = PBXBuildFile; fileRef = 73E90FCA1D12E40D00E32853 /* Context.swift */; };
		73E90FEB1D12E40D00E32853 /* CoreFunctions.swift in Sources */ = {isa = PBXBuildFile; fileRef = 73E90FCB1D12E40D00E32853 /* CoreFunctions.swift */; };
		73E90FEC1D12E40D00E32853 /* EachFilter.swift in Sources */ = {isa = PBXBuildFile; fileRef = 73E90FCC1D12E40D00E32853 /* EachFilter.swift */; };
		73E90FED1D12E40D00E32853 /* Expression.swift in Sources */ = {isa = PBXBuildFile; fileRef = 73E90FCD1D12E40D00E32853 /* Expression.swift */; };
		73E90FEE1D12E40D00E32853 /* ExpressionGenerator.swift in Sources */ = {isa = PBXBuildFile; fileRef = 73E90FCE1D12E40D00E32853 /* ExpressionGenerator.swift */; };
		73E90FEF1D12E40D00E32853 /* ExpressionInvocation.swift in Sources */ = {isa = PBXBuildFile; fileRef = 73E90FCF1D12E40D00E32853 /* ExpressionInvocation.swift */; };
		73E90FF01D12E40D00E32853 /* ExpressionParser.swift in Sources */ = {isa = PBXBuildFile; fileRef = 73E90FD01D12E40D00E32853 /* ExpressionParser.swift */; };
		73E90FF11D12E40D00E32853 /* HTMLEscapeHelper.swift in Sources */ = {isa = PBXBuildFile; fileRef = 73E90FD11D12E40D00E32853 /* HTMLEscapeHelper.swift */; };
		73E90FF21D12E40D00E32853 /* JavascriptEscapeHelper.swift in Sources */ = {isa = PBXBuildFile; fileRef = 73E90FD21D12E40D00E32853 /* JavascriptEscapeHelper.swift */; };
		73E90FF31D12E40D00E32853 /* Localizer.swift in Sources */ = {isa = PBXBuildFile; fileRef = 73E90FD31D12E40D00E32853 /* Localizer.swift */; };
		73E90FF41D12E40D00E32853 /* LocatedTag.swift in Sources */ = {isa = PBXBuildFile; fileRef = 73E90FD41D12E40D00E32853 /* LocatedTag.swift */; };
		73E90FF51D12E40D00E32853 /* Logger.swift in Sources */ = {isa = PBXBuildFile; fileRef = 73E90FD51D12E40D00E32853 /* Logger.swift */; };
		73E90FF61D12E40D00E32853 /* MustacheBox.swift in Sources */ = {isa = PBXBuildFile; fileRef = 73E90FD61D12E40D00E32853 /* MustacheBox.swift */; };
		73E90FF71D12E40D00E32853 /* NSFormatter.swift in Sources */ = {isa = PBXBuildFile; fileRef = 73E90FD71D12E40D00E32853 /* NSFormatter.swift */; };
		73E90FF81D12E40D00E32853 /* RenderingEngine.swift in Sources */ = {isa = PBXBuildFile; fileRef = 73E90FD81D12E40D00E32853 /* RenderingEngine.swift */; };
		73E90FF91D12E40D00E32853 /* SectionTag.swift in Sources */ = {isa = PBXBuildFile; fileRef = 73E90FD91D12E40D00E32853 /* SectionTag.swift */; };
		73E90FFA1D12E40D00E32853 /* StandardLibrary.swift in Sources */ = {isa = PBXBuildFile; fileRef = 73E90FDA1D12E40D00E32853 /* StandardLibrary.swift */; };
		73E90FFB1D12E40D00E32853 /* Tag.swift in Sources */ = {isa = PBXBuildFile; fileRef = 73E90FDB1D12E40D00E32853 /* Tag.swift */; };
		73E90FFC1D12E40D00E32853 /* Template.swift in Sources */ = {isa = PBXBuildFile; fileRef = 73E90FDC1D12E40D00E32853 /* Template.swift */; };
		73E90FFD1D12E40D00E32853 /* TemplateAST.swift in Sources */ = {isa = PBXBuildFile; fileRef = 73E90FDD1D12E40D00E32853 /* TemplateAST.swift */; };
		73E90FFE1D12E40D00E32853 /* TemplateASTNode.swift in Sources */ = {isa = PBXBuildFile; fileRef = 73E90FDE1D12E40D00E32853 /* TemplateASTNode.swift */; };
		73E90FFF1D12E40D00E32853 /* TemplateCompiler.swift in Sources */ = {isa = PBXBuildFile; fileRef = 73E90FDF1D12E40D00E32853 /* TemplateCompiler.swift */; };
		73E910001D12E40D00E32853 /* TemplateGenerator.swift in Sources */ = {isa = PBXBuildFile; fileRef = 73E90FE01D12E40D00E32853 /* TemplateGenerator.swift */; };
		73E910011D12E40D00E32853 /* TemplateParser.swift in Sources */ = {isa = PBXBuildFile; fileRef = 73E90FE11D12E40D00E32853 /* TemplateParser.swift */; };
		73E910021D12E40D00E32853 /* TemplateRepository.swift in Sources */ = {isa = PBXBuildFile; fileRef = 73E90FE21D12E40D00E32853 /* TemplateRepository.swift */; };
		73E910031D12E40D00E32853 /* TemplateToken.swift in Sources */ = {isa = PBXBuildFile; fileRef = 73E90FE31D12E40D00E32853 /* TemplateToken.swift */; };
		73E910041D12E40D00E32853 /* URLEscapeHelper.swift in Sources */ = {isa = PBXBuildFile; fileRef = 73E90FE41D12E40D00E32853 /* URLEscapeHelper.swift */; };
		73E910051D12E40D00E32853 /* VariableTag.swift in Sources */ = {isa = PBXBuildFile; fileRef = 73E90FE51D12E40D00E32853 /* VariableTag.swift */; };
		73E910061D12E40D00E32853 /* ZipFilter.swift in Sources */ = {isa = PBXBuildFile; fileRef = 73E90FE61D12E40D00E32853 /* ZipFilter.swift */; };
/* End PBXBuildFile section */

/* Begin PBXCopyFilesBuildPhase section */
		7355592A1C33DFCC00C8DFF7 /* CopyFiles */ = {
			isa = PBXCopyFilesBuildPhase;
			buildActionMask = 2147483647;
			dstPath = /usr/share/man/man1/;
			dstSubfolderSpec = 0;
			files = (
			);
			runOnlyForDeploymentPostprocessing = 1;
		};
/* End PBXCopyFilesBuildPhase section */

/* Begin PBXFileReference section */
		731B44E31D5498FA00C144A8 /* Config.swift */ = {isa = PBXFileReference; fileEncoding = 4; lastKnownFileType = sourcecode.swift; path = Config.swift; sourceTree = "<group>"; };
		7355592C1C33DFCC00C8DFF7 /* vipergen */ = {isa = PBXFileReference; explicitFileType = "compiled.mach-o.executable"; includeInIndex = 0; path = vipergen; sourceTree = BUILT_PRODUCTS_DIR; };
		7355592F1C33DFCC00C8DFF7 /* main.swift */ = {isa = PBXFileReference; lastKnownFileType = sourcecode.swift; path = main.swift; sourceTree = "<group>"; };
		73E90E2D1D12E3DB00E32853 /* ANSIColors.swift */ = {isa = PBXFileReference; fileEncoding = 4; lastKnownFileType = sourcecode.swift; path = ANSIColors.swift; sourceTree = "<group>"; };
		73E90FC71D12E40D00E32853 /* Box.swift */ = {isa = PBXFileReference; fileEncoding = 4; lastKnownFileType = sourcecode.swift; name = Box.swift; path = Mustache/Sources/Box.swift; sourceTree = "<group>"; };
		73E90FC81D12E40D00E32853 /* Common.swift */ = {isa = PBXFileReference; fileEncoding = 4; lastKnownFileType = sourcecode.swift; name = Common.swift; path = Mustache/Sources/Common.swift; sourceTree = "<group>"; };
		73E90FC91D12E40D00E32853 /* Configuration.swift */ = {isa = PBXFileReference; fileEncoding = 4; lastKnownFileType = sourcecode.swift; name = Configuration.swift; path = Mustache/Sources/Configuration.swift; sourceTree = "<group>"; };
		73E90FCA1D12E40D00E32853 /* Context.swift */ = {isa = PBXFileReference; fileEncoding = 4; lastKnownFileType = sourcecode.swift; name = Context.swift; path = Mustache/Sources/Context.swift; sourceTree = "<group>"; };
		73E90FCB1D12E40D00E32853 /* CoreFunctions.swift */ = {isa = PBXFileReference; fileEncoding = 4; lastKnownFileType = sourcecode.swift; name = CoreFunctions.swift; path = Mustache/Sources/CoreFunctions.swift; sourceTree = "<group>"; };
		73E90FCC1D12E40D00E32853 /* EachFilter.swift */ = {isa = PBXFileReference; fileEncoding = 4; lastKnownFileType = sourcecode.swift; name = EachFilter.swift; path = Mustache/Sources/EachFilter.swift; sourceTree = "<group>"; };
		73E90FCD1D12E40D00E32853 /* Expression.swift */ = {isa = PBXFileReference; fileEncoding = 4; lastKnownFileType = sourcecode.swift; name = Expression.swift; path = Mustache/Sources/Expression.swift; sourceTree = "<group>"; };
		73E90FCE1D12E40D00E32853 /* ExpressionGenerator.swift */ = {isa = PBXFileReference; fileEncoding = 4; lastKnownFileType = sourcecode.swift; name = ExpressionGenerator.swift; path = Mustache/Sources/ExpressionGenerator.swift; sourceTree = "<group>"; };
		73E90FCF1D12E40D00E32853 /* ExpressionInvocation.swift */ = {isa = PBXFileReference; fileEncoding = 4; lastKnownFileType = sourcecode.swift; name = ExpressionInvocation.swift; path = Mustache/Sources/ExpressionInvocation.swift; sourceTree = "<group>"; };
		73E90FD01D12E40D00E32853 /* ExpressionParser.swift */ = {isa = PBXFileReference; fileEncoding = 4; lastKnownFileType = sourcecode.swift; name = ExpressionParser.swift; path = Mustache/Sources/ExpressionParser.swift; sourceTree = "<group>"; };
		73E90FD11D12E40D00E32853 /* HTMLEscapeHelper.swift */ = {isa = PBXFileReference; fileEncoding = 4; lastKnownFileType = sourcecode.swift; name = HTMLEscapeHelper.swift; path = Mustache/Sources/HTMLEscapeHelper.swift; sourceTree = "<group>"; };
		73E90FD21D12E40D00E32853 /* JavascriptEscapeHelper.swift */ = {isa = PBXFileReference; fileEncoding = 4; lastKnownFileType = sourcecode.swift; name = JavascriptEscapeHelper.swift; path = Mustache/Sources/JavascriptEscapeHelper.swift; sourceTree = "<group>"; };
		73E90FD31D12E40D00E32853 /* Localizer.swift */ = {isa = PBXFileReference; fileEncoding = 4; lastKnownFileType = sourcecode.swift; name = Localizer.swift; path = Mustache/Sources/Localizer.swift; sourceTree = "<group>"; };
		73E90FD41D12E40D00E32853 /* LocatedTag.swift */ = {isa = PBXFileReference; fileEncoding = 4; lastKnownFileType = sourcecode.swift; name = LocatedTag.swift; path = Mustache/Sources/LocatedTag.swift; sourceTree = "<group>"; };
		73E90FD51D12E40D00E32853 /* Logger.swift */ = {isa = PBXFileReference; fileEncoding = 4; lastKnownFileType = sourcecode.swift; name = Logger.swift; path = Mustache/Sources/Logger.swift; sourceTree = "<group>"; };
		73E90FD61D12E40D00E32853 /* MustacheBox.swift */ = {isa = PBXFileReference; fileEncoding = 4; lastKnownFileType = sourcecode.swift; name = MustacheBox.swift; path = Mustache/Sources/MustacheBox.swift; sourceTree = "<group>"; };
		73E90FD71D12E40D00E32853 /* NSFormatter.swift */ = {isa = PBXFileReference; fileEncoding = 4; lastKnownFileType = sourcecode.swift; name = NSFormatter.swift; path = Mustache/Sources/NSFormatter.swift; sourceTree = "<group>"; };
		73E90FD81D12E40D00E32853 /* RenderingEngine.swift */ = {isa = PBXFileReference; fileEncoding = 4; lastKnownFileType = sourcecode.swift; name = RenderingEngine.swift; path = Mustache/Sources/RenderingEngine.swift; sourceTree = "<group>"; };
		73E90FD91D12E40D00E32853 /* SectionTag.swift */ = {isa = PBXFileReference; fileEncoding = 4; lastKnownFileType = sourcecode.swift; name = SectionTag.swift; path = Mustache/Sources/SectionTag.swift; sourceTree = "<group>"; };
		73E90FDA1D12E40D00E32853 /* StandardLibrary.swift */ = {isa = PBXFileReference; fileEncoding = 4; lastKnownFileType = sourcecode.swift; name = StandardLibrary.swift; path = Mustache/Sources/StandardLibrary.swift; sourceTree = "<group>"; };
		73E90FDB1D12E40D00E32853 /* Tag.swift */ = {isa = PBXFileReference; fileEncoding = 4; lastKnownFileType = sourcecode.swift; name = Tag.swift; path = Mustache/Sources/Tag.swift; sourceTree = "<group>"; };
		73E90FDC1D12E40D00E32853 /* Template.swift */ = {isa = PBXFileReference; fileEncoding = 4; lastKnownFileType = sourcecode.swift; name = Template.swift; path = Mustache/Sources/Template.swift; sourceTree = "<group>"; };
		73E90FDD1D12E40D00E32853 /* TemplateAST.swift */ = {isa = PBXFileReference; fileEncoding = 4; lastKnownFileType = sourcecode.swift; name = TemplateAST.swift; path = Mustache/Sources/TemplateAST.swift; sourceTree = "<group>"; };
		73E90FDE1D12E40D00E32853 /* TemplateASTNode.swift */ = {isa = PBXFileReference; fileEncoding = 4; lastKnownFileType = sourcecode.swift; name = TemplateASTNode.swift; path = Mustache/Sources/TemplateASTNode.swift; sourceTree = "<group>"; };
		73E90FDF1D12E40D00E32853 /* TemplateCompiler.swift */ = {isa = PBXFileReference; fileEncoding = 4; lastKnownFileType = sourcecode.swift; name = TemplateCompiler.swift; path = Mustache/Sources/TemplateCompiler.swift; sourceTree = "<group>"; };
		73E90FE01D12E40D00E32853 /* TemplateGenerator.swift */ = {isa = PBXFileReference; fileEncoding = 4; lastKnownFileType = sourcecode.swift; name = TemplateGenerator.swift; path = Mustache/Sources/TemplateGenerator.swift; sourceTree = "<group>"; };
		73E90FE11D12E40D00E32853 /* TemplateParser.swift */ = {isa = PBXFileReference; fileEncoding = 4; lastKnownFileType = sourcecode.swift; name = TemplateParser.swift; path = Mustache/Sources/TemplateParser.swift; sourceTree = "<group>"; };
		73E90FE21D12E40D00E32853 /* TemplateRepository.swift */ = {isa = PBXFileReference; fileEncoding = 4; lastKnownFileType = sourcecode.swift; name = TemplateRepository.swift; path = Mustache/Sources/TemplateRepository.swift; sourceTree = "<group>"; };
		73E90FE31D12E40D00E32853 /* TemplateToken.swift */ = {isa = PBXFileReference; fileEncoding = 4; lastKnownFileType = sourcecode.swift; name = TemplateToken.swift; path = Mustache/Sources/TemplateToken.swift; sourceTree = "<group>"; };
		73E90FE41D12E40D00E32853 /* URLEscapeHelper.swift */ = {isa = PBXFileReference; fileEncoding = 4; lastKnownFileType = sourcecode.swift; name = URLEscapeHelper.swift; path = Mustache/Sources/URLEscapeHelper.swift; sourceTree = "<group>"; };
		73E90FE51D12E40D00E32853 /* VariableTag.swift */ = {isa = PBXFileReference; fileEncoding = 4; lastKnownFileType = sourcecode.swift; name = VariableTag.swift; path = Mustache/Sources/VariableTag.swift; sourceTree = "<group>"; };
		73E90FE61D12E40D00E32853 /* ZipFilter.swift */ = {isa = PBXFileReference; fileEncoding = 4; lastKnownFileType = sourcecode.swift; name = ZipFilter.swift; path = Mustache/Sources/ZipFilter.swift; sourceTree = "<group>"; };
/* End PBXFileReference section */

/* Begin PBXFrameworksBuildPhase section */
		735559291C33DFCC00C8DFF7 /* Frameworks */ = {
			isa = PBXFrameworksBuildPhase;
			buildActionMask = 2147483647;
			files = (
			);
			runOnlyForDeploymentPostprocessing = 0;
		};
/* End PBXFrameworksBuildPhase section */

/* Begin PBXGroup section */
		735559231C33DFCC00C8DFF7 = {
			isa = PBXGroup;
			children = (
				7355592E1C33DFCC00C8DFF7 /* vipergen */,
				7355592D1C33DFCC00C8DFF7 /* Products */,
			);
			sourceTree = "<group>";
		};
		7355592D1C33DFCC00C8DFF7 /* Products */ = {
			isa = PBXGroup;
			children = (
				7355592C1C33DFCC00C8DFF7 /* vipergen */,
			);
			name = Products;
			sourceTree = "<group>";
		};
		7355592E1C33DFCC00C8DFF7 /* vipergen */ = {
			isa = PBXGroup;
			children = (
				73E90E2C1D12E3DB00E32853 /* 3rd */,
				7355592F1C33DFCC00C8DFF7 /* main.swift */,
				731B44E31D5498FA00C144A8 /* Config.swift */,
			);
			path = vipergen;
			sourceTree = "<group>";
		};
		73E90E2C1D12E3DB00E32853 /* 3rd */ = {
			isa = PBXGroup;
			children = (
				73E90FC61D12E3FB00E32853 /* Mustache */,
				73E90E2D1D12E3DB00E32853 /* ANSIColors.swift */,
			);
			path = 3rd;
			sourceTree = "<group>";
		};
		73E90FC61D12E3FB00E32853 /* Mustache */ = {
			isa = PBXGroup;
			children = (
				73E90FC71D12E40D00E32853 /* Box.swift */,
				73E90FC81D12E40D00E32853 /* Common.swift */,
				73E90FC91D12E40D00E32853 /* Configuration.swift */,
				73E90FCA1D12E40D00E32853 /* Context.swift */,
				73E90FCB1D12E40D00E32853 /* CoreFunctions.swift */,
				73E90FCC1D12E40D00E32853 /* EachFilter.swift */,
				73E90FCD1D12E40D00E32853 /* Expression.swift */,
				73E90FCE1D12E40D00E32853 /* ExpressionGenerator.swift */,
				73E90FCF1D12E40D00E32853 /* ExpressionInvocation.swift */,
				73E90FD01D12E40D00E32853 /* ExpressionParser.swift */,
				73E90FD11D12E40D00E32853 /* HTMLEscapeHelper.swift */,
				73E90FD21D12E40D00E32853 /* JavascriptEscapeHelper.swift */,
				73E90FD31D12E40D00E32853 /* Localizer.swift */,
				73E90FD41D12E40D00E32853 /* LocatedTag.swift */,
				73E90FD51D12E40D00E32853 /* Logger.swift */,
				73E90FD61D12E40D00E32853 /* MustacheBox.swift */,
				73E90FD71D12E40D00E32853 /* NSFormatter.swift */,
				73E90FD81D12E40D00E32853 /* RenderingEngine.swift */,
				73E90FD91D12E40D00E32853 /* SectionTag.swift */,
				73E90FDA1D12E40D00E32853 /* StandardLibrary.swift */,
				73E90FDB1D12E40D00E32853 /* Tag.swift */,
				73E90FDC1D12E40D00E32853 /* Template.swift */,
				73E90FDD1D12E40D00E32853 /* TemplateAST.swift */,
				73E90FDE1D12E40D00E32853 /* TemplateASTNode.swift */,
				73E90FDF1D12E40D00E32853 /* TemplateCompiler.swift */,
				73E90FE01D12E40D00E32853 /* TemplateGenerator.swift */,
				73E90FE11D12E40D00E32853 /* TemplateParser.swift */,
				73E90FE21D12E40D00E32853 /* TemplateRepository.swift */,
				73E90FE31D12E40D00E32853 /* TemplateToken.swift */,
				73E90FE41D12E40D00E32853 /* URLEscapeHelper.swift */,
				73E90FE51D12E40D00E32853 /* VariableTag.swift */,
				73E90FE61D12E40D00E32853 /* ZipFilter.swift */,
			);
			name = Mustache;
			sourceTree = "<group>";
		};
/* End PBXGroup section */

/* Begin PBXNativeTarget section */
		7355592B1C33DFCC00C8DFF7 /* vipergen */ = {
			isa = PBXNativeTarget;
			buildConfigurationList = 735559331C33DFCC00C8DFF7 /* Build configuration list for PBXNativeTarget "vipergen" */;
			buildPhases = (
				735559281C33DFCC00C8DFF7 /* Sources */,
				735559291C33DFCC00C8DFF7 /* Frameworks */,
				7355592A1C33DFCC00C8DFF7 /* CopyFiles */,
			);
			buildRules = (
			);
			dependencies = (
			);
			name = vipergen;
			productName = vipergen;
			productReference = 7355592C1C33DFCC00C8DFF7 /* vipergen */;
			productType = "com.apple.product-type.tool";
		};
/* End PBXNativeTarget section */

/* Begin PBXProject section */
		735559241C33DFCC00C8DFF7 /* Project object */ = {
			isa = PBXProject;
			attributes = {
				LastSwiftUpdateCheck = 0720;
				LastUpgradeCheck = 0720;
				ORGANIZATIONNAME = "IVAN CHIRKOV";
				TargetAttributes = {
					7355592B1C33DFCC00C8DFF7 = {
						CreatedOnToolsVersion = 7.2;
					};
				};
			};
			buildConfigurationList = 735559271C33DFCC00C8DFF7 /* Build configuration list for PBXProject "vipergen" */;
			compatibilityVersion = "Xcode 3.2";
			developmentRegion = English;
			hasScannedForEncodings = 0;
			knownRegions = (
				en,
				Base,
			);
			mainGroup = 735559231C33DFCC00C8DFF7;
			productRefGroup = 7355592D1C33DFCC00C8DFF7 /* Products */;
			projectDirPath = "";
			projectRoot = "";
			targets = (
				7355592B1C33DFCC00C8DFF7 /* vipergen */,
			);
		};
/* End PBXProject section */

/* Begin PBXSourcesBuildPhase section */
		735559281C33DFCC00C8DFF7 /* Sources */ = {
			isa = PBXSourcesBuildPhase;
			buildActionMask = 2147483647;
			files = (
				73E90FE81D12E40D00E32853 /* Common.swift in Sources */,
				73E90FEE1D12E40D00E32853 /* ExpressionGenerator.swift in Sources */,
				73E90FE91D12E40D00E32853 /* Configuration.swift in Sources */,
				73E910011D12E40D00E32853 /* TemplateParser.swift in Sources */,
				73E90FF41D12E40D00E32853 /* LocatedTag.swift in Sources */,
				73E90FFE1D12E40D00E32853 /* TemplateASTNode.swift in Sources */,
				73E90FEF1D12E40D00E32853 /* ExpressionInvocation.swift in Sources */,
				73E910021D12E40D00E32853 /* TemplateRepository.swift in Sources */,
				73E90FED1D12E40D00E32853 /* Expression.swift in Sources */,
				73E910061D12E40D00E32853 /* ZipFilter.swift in Sources */,
				73E90FFF1D12E40D00E32853 /* TemplateCompiler.swift in Sources */,
				73E90FEC1D12E40D00E32853 /* EachFilter.swift in Sources */,
				73E90FE71D12E40D00E32853 /* Box.swift in Sources */,
				73E90FF81D12E40D00E32853 /* RenderingEngine.swift in Sources */,
				73E90FF71D12E40D00E32853 /* NSFormatter.swift in Sources */,
				73E90FF51D12E40D00E32853 /* Logger.swift in Sources */,
				73E90FF21D12E40D00E32853 /* JavascriptEscapeHelper.swift in Sources */,
				73E910051D12E40D00E32853 /* VariableTag.swift in Sources */,
				731B44E41D5498FA00C144A8 /* Config.swift in Sources */,
				73E90FEB1D12E40D00E32853 /* CoreFunctions.swift in Sources */,
				73E90FF91D12E40D00E32853 /* SectionTag.swift in Sources */,
				73E90FFB1D12E40D00E32853 /* Tag.swift in Sources */,
				73E910001D12E40D00E32853 /* TemplateGenerator.swift in Sources */,
				73E910041D12E40D00E32853 /* URLEscapeHelper.swift in Sources */,
				73E90FF61D12E40D00E32853 /* MustacheBox.swift in Sources */,
				73E90FF11D12E40D00E32853 /* HTMLEscapeHelper.swift in Sources */,
				73E90FFA1D12E40D00E32853 /* StandardLibrary.swift in Sources */,
				73E90FEA1D12E40D00E32853 /* Context.swift in Sources */,
				73E90FFD1D12E40D00E32853 /* TemplateAST.swift in Sources */,
				73E90F411D12E3DB00E32853 /* ANSIColors.swift in Sources */,
				73E910031D12E40D00E32853 /* TemplateToken.swift in Sources */,
				73E90FF31D12E40D00E32853 /* Localizer.swift in Sources */,
				73E90FFC1D12E40D00E32853 /* Template.swift in Sources */,
				73E90FF01D12E40D00E32853 /* ExpressionParser.swift in Sources */,
				735559301C33DFCC00C8DFF7 /* main.swift in Sources */,
			);
			runOnlyForDeploymentPostprocessing = 0;
		};
/* End PBXSourcesBuildPhase section */

/* Begin XCBuildConfiguration section */
		735559311C33DFCC00C8DFF7 /* Debug */ = {
			isa = XCBuildConfiguration;
			buildSettings = {
				ALWAYS_SEARCH_USER_PATHS = NO;
				CLANG_CXX_LANGUAGE_STANDARD = "gnu++0x";
				CLANG_CXX_LIBRARY = "libc++";
				CLANG_ENABLE_MODULES = YES;
				CLANG_ENABLE_OBJC_ARC = YES;
				CLANG_WARN_BOOL_CONVERSION = YES;
				CLANG_WARN_CONSTANT_CONVERSION = YES;
				CLANG_WARN_DIRECT_OBJC_ISA_USAGE = YES_ERROR;
				CLANG_WARN_EMPTY_BODY = YES;
				CLANG_WARN_ENUM_CONVERSION = YES;
				CLANG_WARN_INT_CONVERSION = YES;
				CLANG_WARN_OBJC_ROOT_CLASS = YES_ERROR;
				CLANG_WARN_UNREACHABLE_CODE = YES;
				CLANG_WARN__DUPLICATE_METHOD_MATCH = YES;
				CODE_SIGN_IDENTITY = "-";
				COPY_PHASE_STRIP = NO;
				DEBUG_INFORMATION_FORMAT = dwarf;
				ENABLE_STRICT_OBJC_MSGSEND = YES;
				ENABLE_TESTABILITY = YES;
				GCC_C_LANGUAGE_STANDARD = gnu99;
				GCC_DYNAMIC_NO_PIC = NO;
				GCC_NO_COMMON_BLOCKS = YES;
				GCC_OPTIMIZATION_LEVEL = 0;
				GCC_PREPROCESSOR_DEFINITIONS = (
					"DEBUG=1",
					"$(inherited)",
				);
				GCC_WARN_64_TO_32_BIT_CONVERSION = YES;
				GCC_WARN_ABOUT_RETURN_TYPE = YES_ERROR;
				GCC_WARN_UNDECLARED_SELECTOR = YES;
				GCC_WARN_UNINITIALIZED_AUTOS = YES_AGGRESSIVE;
				GCC_WARN_UNUSED_FUNCTION = YES;
				GCC_WARN_UNUSED_VARIABLE = YES;
				MACOSX_DEPLOYMENT_TARGET = 10.11;
				MTL_ENABLE_DEBUG_INFO = YES;
				ONLY_ACTIVE_ARCH = YES;
				SDKROOT = macosx;
				SWIFT_OPTIMIZATION_LEVEL = "-Onone";
			};
			name = Debug;
		};
		735559321C33DFCC00C8DFF7 /* Release */ = {
			isa = XCBuildConfiguration;
			buildSettings = {
				ALWAYS_SEARCH_USER_PATHS = NO;
				CLANG_CXX_LANGUAGE_STANDARD = "gnu++0x";
				CLANG_CXX_LIBRARY = "libc++";
				CLANG_ENABLE_MODULES = YES;
				CLANG_ENABLE_OBJC_ARC = YES;
				CLANG_WARN_BOOL_CONVERSION = YES;
				CLANG_WARN_CONSTANT_CONVERSION = YES;
				CLANG_WARN_DIRECT_OBJC_ISA_USAGE = YES_ERROR;
				CLANG_WARN_EMPTY_BODY = YES;
				CLANG_WARN_ENUM_CONVERSION = YES;
				CLANG_WARN_INT_CONVERSION = YES;
				CLANG_WARN_OBJC_ROOT_CLASS = YES_ERROR;
				CLANG_WARN_UNREACHABLE_CODE = YES;
				CLANG_WARN__DUPLICATE_METHOD_MATCH = YES;
				CODE_SIGN_IDENTITY = "-";
				COPY_PHASE_STRIP = NO;
				DEBUG_INFORMATION_FORMAT = "dwarf-with-dsym";
				ENABLE_NS_ASSERTIONS = NO;
				ENABLE_STRICT_OBJC_MSGSEND = YES;
				GCC_C_LANGUAGE_STANDARD = gnu99;
				GCC_NO_COMMON_BLOCKS = YES;
				GCC_WARN_64_TO_32_BIT_CONVERSION = YES;
				GCC_WARN_ABOUT_RETURN_TYPE = YES_ERROR;
				GCC_WARN_UNDECLARED_SELECTOR = YES;
				GCC_WARN_UNINITIALIZED_AUTOS = YES_AGGRESSIVE;
				GCC_WARN_UNUSED_FUNCTION = YES;
				GCC_WARN_UNUSED_VARIABLE = YES;
				MACOSX_DEPLOYMENT_TARGET = 10.11;
				MTL_ENABLE_DEBUG_INFO = NO;
				SDKROOT = macosx;
			};
			name = Release;
		};
		735559341C33DFCC00C8DFF7 /* Debug */ = {
			isa = XCBuildConfiguration;
			buildSettings = {
				PRODUCT_NAME = "$(TARGET_NAME)";
			};
			name = Debug;
		};
		735559351C33DFCC00C8DFF7 /* Release */ = {
			isa = XCBuildConfiguration;
			buildSettings = {
				PRODUCT_NAME = "$(TARGET_NAME)";
			};
			name = Release;
		};
/* End XCBuildConfiguration section */

/* Begin XCConfigurationList section */
		735559271C33DFCC00C8DFF7 /* Build configuration list for PBXProject "vipergen" */ = {
			isa = XCConfigurationList;
			buildConfigurations = (
				735559311C33DFCC00C8DFF7 /* Debug */,
				735559321C33DFCC00C8DFF7 /* Release */,
			);
			defaultConfigurationIsVisible = 0;
			defaultConfigurationName = Release;
		};
		735559331C33DFCC00C8DFF7 /* Build configuration list for PBXNativeTarget "vipergen" */ = {
			isa = XCConfigurationList;
			buildConfigurations = (
				735559341C33DFCC00C8DFF7 /* Debug */,
				735559351C33DFCC00C8DFF7 /* Release */,
			);
			defaultConfigurationIsVisible = 0;
			defaultConfigurationName = Release;
		};
/* End XCConfigurationList section */
	};
	rootObject = 735559241C33DFCC00C8DFF7 /* Project object */;
}
