// !$*UTF8*$!
{
	archiveVersion = 1;
	classes = {
	};
	objectVersion = 46;
	objects = {

/* Begin PBXBuildFile section */
		_LinkFileRef_Mustache_via_vipergen /* Mustache.framework in Frameworks */ = {isa = PBXBuildFile; fileRef = "_____Product_Mustache" /* Mustache.framework */; };
		_LinkFileRef_Yaml_via_vipergen /* Yaml.framework in Frameworks */ = {isa = PBXBuildFile; fileRef = "_____Product_Yaml" /* Yaml.framework */; };
		"__src_cc_ref_Packages/Mustache-2.0.0/Sources/Box.swift" /* Box.swift in Sources */ = {isa = PBXBuildFile; fileRef = "__PBXFileRef_Packages/Mustache-2.0.0/Sources/Box.swift" /* Box.swift */; };
		"__src_cc_ref_Packages/Mustache-2.0.0/Sources/Common.swift" /* Common.swift in Sources */ = {isa = PBXBuildFile; fileRef = "__PBXFileRef_Packages/Mustache-2.0.0/Sources/Common.swift" /* Common.swift */; };
		"__src_cc_ref_Packages/Mustache-2.0.0/Sources/Configuration.swift" /* Configuration.swift in Sources */ = {isa = PBXBuildFile; fileRef = "__PBXFileRef_Packages/Mustache-2.0.0/Sources/Configuration.swift" /* Configuration.swift */; };
		"__src_cc_ref_Packages/Mustache-2.0.0/Sources/Context.swift" /* Context.swift in Sources */ = {isa = PBXBuildFile; fileRef = "__PBXFileRef_Packages/Mustache-2.0.0/Sources/Context.swift" /* Context.swift */; };
		"__src_cc_ref_Packages/Mustache-2.0.0/Sources/CoreFunctions.swift" /* CoreFunctions.swift in Sources */ = {isa = PBXBuildFile; fileRef = "__PBXFileRef_Packages/Mustache-2.0.0/Sources/CoreFunctions.swift" /* CoreFunctions.swift */; };
		"__src_cc_ref_Packages/Mustache-2.0.0/Sources/CoreGraphics.swift" /* CoreGraphics.swift in Sources */ = {isa = PBXBuildFile; fileRef = "__PBXFileRef_Packages/Mustache-2.0.0/Sources/CoreGraphics.swift" /* CoreGraphics.swift */; };
		"__src_cc_ref_Packages/Mustache-2.0.0/Sources/EachFilter.swift" /* EachFilter.swift in Sources */ = {isa = PBXBuildFile; fileRef = "__PBXFileRef_Packages/Mustache-2.0.0/Sources/EachFilter.swift" /* EachFilter.swift */; };
		"__src_cc_ref_Packages/Mustache-2.0.0/Sources/Expression.swift" /* Expression.swift in Sources */ = {isa = PBXBuildFile; fileRef = "__PBXFileRef_Packages/Mustache-2.0.0/Sources/Expression.swift" /* Expression.swift */; };
		"__src_cc_ref_Packages/Mustache-2.0.0/Sources/ExpressionGenerator.swift" /* ExpressionGenerator.swift in Sources */ = {isa = PBXBuildFile; fileRef = "__PBXFileRef_Packages/Mustache-2.0.0/Sources/ExpressionGenerator.swift" /* ExpressionGenerator.swift */; };
		"__src_cc_ref_Packages/Mustache-2.0.0/Sources/ExpressionInvocation.swift" /* ExpressionInvocation.swift in Sources */ = {isa = PBXBuildFile; fileRef = "__PBXFileRef_Packages/Mustache-2.0.0/Sources/ExpressionInvocation.swift" /* ExpressionInvocation.swift */; };
		"__src_cc_ref_Packages/Mustache-2.0.0/Sources/ExpressionParser.swift" /* ExpressionParser.swift in Sources */ = {isa = PBXBuildFile; fileRef = "__PBXFileRef_Packages/Mustache-2.0.0/Sources/ExpressionParser.swift" /* ExpressionParser.swift */; };
		"__src_cc_ref_Packages/Mustache-2.0.0/Sources/Fixit-1.1.0.swift" /* Fixit-1.1.0.swift in Sources */ = {isa = PBXBuildFile; fileRef = "__PBXFileRef_Packages/Mustache-2.0.0/Sources/Fixit-1.1.0.swift" /* Fixit-1.1.0.swift */; };
		"__src_cc_ref_Packages/Mustache-2.0.0/Sources/Formatter.swift" /* Formatter.swift in Sources */ = {isa = PBXBuildFile; fileRef = "__PBXFileRef_Packages/Mustache-2.0.0/Sources/Formatter.swift" /* Formatter.swift */; };
		"__src_cc_ref_Packages/Mustache-2.0.0/Sources/Foundation.swift" /* Foundation.swift in Sources */ = {isa = PBXBuildFile; fileRef = "__PBXFileRef_Packages/Mustache-2.0.0/Sources/Foundation.swift" /* Foundation.swift */; };
		"__src_cc_ref_Packages/Mustache-2.0.0/Sources/HTMLEscapeHelper.swift" /* HTMLEscapeHelper.swift in Sources */ = {isa = PBXBuildFile; fileRef = "__PBXFileRef_Packages/Mustache-2.0.0/Sources/HTMLEscapeHelper.swift" /* HTMLEscapeHelper.swift */; };
		"__src_cc_ref_Packages/Mustache-2.0.0/Sources/JavascriptEscapeHelper.swift" /* JavascriptEscapeHelper.swift in Sources */ = {isa = PBXBuildFile; fileRef = "__PBXFileRef_Packages/Mustache-2.0.0/Sources/JavascriptEscapeHelper.swift" /* JavascriptEscapeHelper.swift */; };
		"__src_cc_ref_Packages/Mustache-2.0.0/Sources/Localizer.swift" /* Localizer.swift in Sources */ = {isa = PBXBuildFile; fileRef = "__PBXFileRef_Packages/Mustache-2.0.0/Sources/Localizer.swift" /* Localizer.swift */; };
		"__src_cc_ref_Packages/Mustache-2.0.0/Sources/LocatedTag.swift" /* LocatedTag.swift in Sources */ = {isa = PBXBuildFile; fileRef = "__PBXFileRef_Packages/Mustache-2.0.0/Sources/LocatedTag.swift" /* LocatedTag.swift */; };
		"__src_cc_ref_Packages/Mustache-2.0.0/Sources/Logger.swift" /* Logger.swift in Sources */ = {isa = PBXBuildFile; fileRef = "__PBXFileRef_Packages/Mustache-2.0.0/Sources/Logger.swift" /* Logger.swift */; };
		"__src_cc_ref_Packages/Mustache-2.0.0/Sources/MustacheBox.swift" /* MustacheBox.swift in Sources */ = {isa = PBXBuildFile; fileRef = "__PBXFileRef_Packages/Mustache-2.0.0/Sources/MustacheBox.swift" /* MustacheBox.swift */; };
		"__src_cc_ref_Packages/Mustache-2.0.0/Sources/RenderingEngine.swift" /* RenderingEngine.swift in Sources */ = {isa = PBXBuildFile; fileRef = "__PBXFileRef_Packages/Mustache-2.0.0/Sources/RenderingEngine.swift" /* RenderingEngine.swift */; };
		"__src_cc_ref_Packages/Mustache-2.0.0/Sources/SectionTag.swift" /* SectionTag.swift in Sources */ = {isa = PBXBuildFile; fileRef = "__PBXFileRef_Packages/Mustache-2.0.0/Sources/SectionTag.swift" /* SectionTag.swift */; };
		"__src_cc_ref_Packages/Mustache-2.0.0/Sources/StandardLibrary.swift" /* StandardLibrary.swift in Sources */ = {isa = PBXBuildFile; fileRef = "__PBXFileRef_Packages/Mustache-2.0.0/Sources/StandardLibrary.swift" /* StandardLibrary.swift */; };
		"__src_cc_ref_Packages/Mustache-2.0.0/Sources/SwiftStandardLibrary.swift" /* SwiftStandardLibrary.swift in Sources */ = {isa = PBXBuildFile; fileRef = "__PBXFileRef_Packages/Mustache-2.0.0/Sources/SwiftStandardLibrary.swift" /* SwiftStandardLibrary.swift */; };
		"__src_cc_ref_Packages/Mustache-2.0.0/Sources/Tag.swift" /* Tag.swift in Sources */ = {isa = PBXBuildFile; fileRef = "__PBXFileRef_Packages/Mustache-2.0.0/Sources/Tag.swift" /* Tag.swift */; };
		"__src_cc_ref_Packages/Mustache-2.0.0/Sources/Template.swift" /* Template.swift in Sources */ = {isa = PBXBuildFile; fileRef = "__PBXFileRef_Packages/Mustache-2.0.0/Sources/Template.swift" /* Template.swift */; };
		"__src_cc_ref_Packages/Mustache-2.0.0/Sources/TemplateAST.swift" /* TemplateAST.swift in Sources */ = {isa = PBXBuildFile; fileRef = "__PBXFileRef_Packages/Mustache-2.0.0/Sources/TemplateAST.swift" /* TemplateAST.swift */; };
		"__src_cc_ref_Packages/Mustache-2.0.0/Sources/TemplateASTNode.swift" /* TemplateASTNode.swift in Sources */ = {isa = PBXBuildFile; fileRef = "__PBXFileRef_Packages/Mustache-2.0.0/Sources/TemplateASTNode.swift" /* TemplateASTNode.swift */; };
		"__src_cc_ref_Packages/Mustache-2.0.0/Sources/TemplateCompiler.swift" /* TemplateCompiler.swift in Sources */ = {isa = PBXBuildFile; fileRef = "__PBXFileRef_Packages/Mustache-2.0.0/Sources/TemplateCompiler.swift" /* TemplateCompiler.swift */; };
		"__src_cc_ref_Packages/Mustache-2.0.0/Sources/TemplateGenerator.swift" /* TemplateGenerator.swift in Sources */ = {isa = PBXBuildFile; fileRef = "__PBXFileRef_Packages/Mustache-2.0.0/Sources/TemplateGenerator.swift" /* TemplateGenerator.swift */; };
		"__src_cc_ref_Packages/Mustache-2.0.0/Sources/TemplateParser.swift" /* TemplateParser.swift in Sources */ = {isa = PBXBuildFile; fileRef = "__PBXFileRef_Packages/Mustache-2.0.0/Sources/TemplateParser.swift" /* TemplateParser.swift */; };
		"__src_cc_ref_Packages/Mustache-2.0.0/Sources/TemplateRepository.swift" /* TemplateRepository.swift in Sources */ = {isa = PBXBuildFile; fileRef = "__PBXFileRef_Packages/Mustache-2.0.0/Sources/TemplateRepository.swift" /* TemplateRepository.swift */; };
		"__src_cc_ref_Packages/Mustache-2.0.0/Sources/TemplateToken.swift" /* TemplateToken.swift in Sources */ = {isa = PBXBuildFile; fileRef = "__PBXFileRef_Packages/Mustache-2.0.0/Sources/TemplateToken.swift" /* TemplateToken.swift */; };
		"__src_cc_ref_Packages/Mustache-2.0.0/Sources/URLEscapeHelper.swift" /* URLEscapeHelper.swift in Sources */ = {isa = PBXBuildFile; fileRef = "__PBXFileRef_Packages/Mustache-2.0.0/Sources/URLEscapeHelper.swift" /* URLEscapeHelper.swift */; };
		"__src_cc_ref_Packages/Mustache-2.0.0/Sources/VariableTag.swift" /* VariableTag.swift in Sources */ = {isa = PBXBuildFile; fileRef = "__PBXFileRef_Packages/Mustache-2.0.0/Sources/VariableTag.swift" /* VariableTag.swift */; };
		"__src_cc_ref_Packages/Mustache-2.0.0/Sources/ZipFilter.swift" /* ZipFilter.swift in Sources */ = {isa = PBXBuildFile; fileRef = "__PBXFileRef_Packages/Mustache-2.0.0/Sources/ZipFilter.swift" /* ZipFilter.swift */; };
		"__src_cc_ref_Packages/Yaml-3.0.0/Yaml/YAMLOperators.swift" /* YAMLOperators.swift in Sources */ = {isa = PBXBuildFile; fileRef = "__PBXFileRef_Packages/Yaml-3.0.0/Yaml/YAMLOperators.swift" /* YAMLOperators.swift */; };
		"__src_cc_ref_Packages/Yaml-3.0.0/Yaml/YAMLParser.swift" /* YAMLParser.swift in Sources */ = {isa = PBXBuildFile; fileRef = "__PBXFileRef_Packages/Yaml-3.0.0/Yaml/YAMLParser.swift" /* YAMLParser.swift */; };
		"__src_cc_ref_Packages/Yaml-3.0.0/Yaml/YAMLRegex.swift" /* YAMLRegex.swift in Sources */ = {isa = PBXBuildFile; fileRef = "__PBXFileRef_Packages/Yaml-3.0.0/Yaml/YAMLRegex.swift" /* YAMLRegex.swift */; };
		"__src_cc_ref_Packages/Yaml-3.0.0/Yaml/YAMLResult.swift" /* YAMLResult.swift in Sources */ = {isa = PBXBuildFile; fileRef = "__PBXFileRef_Packages/Yaml-3.0.0/Yaml/YAMLResult.swift" /* YAMLResult.swift */; };
		"__src_cc_ref_Packages/Yaml-3.0.0/Yaml/YAMLTokenizer.swift" /* YAMLTokenizer.swift in Sources */ = {isa = PBXBuildFile; fileRef = "__PBXFileRef_Packages/Yaml-3.0.0/Yaml/YAMLTokenizer.swift" /* YAMLTokenizer.swift */; };
		"__src_cc_ref_Packages/Yaml-3.0.0/Yaml/Yaml.swift" /* Yaml.swift in Sources */ = {isa = PBXBuildFile; fileRef = "__PBXFileRef_Packages/Yaml-3.0.0/Yaml/Yaml.swift" /* Yaml.swift */; };
		__src_cc_ref_Sources/ANSIColors.swift /* ANSIColors.swift in Sources */ = {isa = PBXBuildFile; fileRef = __PBXFileRef_Sources/ANSIColors.swift /* ANSIColors.swift */; };
		__src_cc_ref_Sources/Helpers.swift /* Helpers.swift in Sources */ = {isa = PBXBuildFile; fileRef = __PBXFileRef_Sources/Helpers.swift /* Helpers.swift */; };
		__src_cc_ref_Sources/TemplatesService.swift /* TemplatesService.swift in Sources */ = {isa = PBXBuildFile; fileRef = __PBXFileRef_Sources/TemplatesService.swift /* TemplatesService.swift */; };
		__src_cc_ref_Sources/main.swift /* main.swift in Sources */ = {isa = PBXBuildFile; fileRef = __PBXFileRef_Sources/main.swift /* main.swift */; };
/* End PBXBuildFile section */

/* Begin PBXContainerItemProxy section */
		73DCE6D71DBD072300EC2D0A /* PBXContainerItemProxy */ = {
			isa = PBXContainerItemProxy;
			containerPortal = __RootObject_ /* Project object */;
			proxyType = 1;
			remoteGlobalIDString = "______Target_Mustache";
			remoteInfo = Mustache;
		};
		73DCE6D81DBD072300EC2D0A /* PBXContainerItemProxy */ = {
			isa = PBXContainerItemProxy;
			containerPortal = __RootObject_ /* Project object */;
			proxyType = 1;
			remoteGlobalIDString = "______Target_Yaml";
			remoteInfo = Yaml;
		};
/* End PBXContainerItemProxy section */

/* Begin PBXFileReference section */
		__PBXFileRef_Package.swift /* Package.swift */ = {isa = PBXFileReference; lastKnownFileType = sourcecode.swift; path = Package.swift; sourceTree = "<group>"; };
		"__PBXFileRef_Packages/Mustache-2.0.0/Sources/Box.swift" /* Box.swift */ = {isa = PBXFileReference; lastKnownFileType = sourcecode.swift; path = Box.swift; sourceTree = "<group>"; };
		"__PBXFileRef_Packages/Mustache-2.0.0/Sources/Common.swift" /* Common.swift */ = {isa = PBXFileReference; lastKnownFileType = sourcecode.swift; path = Common.swift; sourceTree = "<group>"; };
		"__PBXFileRef_Packages/Mustache-2.0.0/Sources/Configuration.swift" /* Configuration.swift */ = {isa = PBXFileReference; lastKnownFileType = sourcecode.swift; path = Configuration.swift; sourceTree = "<group>"; };
		"__PBXFileRef_Packages/Mustache-2.0.0/Sources/Context.swift" /* Context.swift */ = {isa = PBXFileReference; lastKnownFileType = sourcecode.swift; path = Context.swift; sourceTree = "<group>"; };
		"__PBXFileRef_Packages/Mustache-2.0.0/Sources/CoreFunctions.swift" /* CoreFunctions.swift */ = {isa = PBXFileReference; lastKnownFileType = sourcecode.swift; path = CoreFunctions.swift; sourceTree = "<group>"; };
		"__PBXFileRef_Packages/Mustache-2.0.0/Sources/CoreGraphics.swift" /* CoreGraphics.swift */ = {isa = PBXFileReference; lastKnownFileType = sourcecode.swift; path = CoreGraphics.swift; sourceTree = "<group>"; };
		"__PBXFileRef_Packages/Mustache-2.0.0/Sources/EachFilter.swift" /* EachFilter.swift */ = {isa = PBXFileReference; lastKnownFileType = sourcecode.swift; path = EachFilter.swift; sourceTree = "<group>"; };
		"__PBXFileRef_Packages/Mustache-2.0.0/Sources/Expression.swift" /* Expression.swift */ = {isa = PBXFileReference; lastKnownFileType = sourcecode.swift; path = Expression.swift; sourceTree = "<group>"; };
		"__PBXFileRef_Packages/Mustache-2.0.0/Sources/ExpressionGenerator.swift" /* ExpressionGenerator.swift */ = {isa = PBXFileReference; lastKnownFileType = sourcecode.swift; path = ExpressionGenerator.swift; sourceTree = "<group>"; };
		"__PBXFileRef_Packages/Mustache-2.0.0/Sources/ExpressionInvocation.swift" /* ExpressionInvocation.swift */ = {isa = PBXFileReference; lastKnownFileType = sourcecode.swift; path = ExpressionInvocation.swift; sourceTree = "<group>"; };
		"__PBXFileRef_Packages/Mustache-2.0.0/Sources/ExpressionParser.swift" /* ExpressionParser.swift */ = {isa = PBXFileReference; lastKnownFileType = sourcecode.swift; path = ExpressionParser.swift; sourceTree = "<group>"; };
		"__PBXFileRef_Packages/Mustache-2.0.0/Sources/Fixit-1.1.0.swift" /* Fixit-1.1.0.swift */ = {isa = PBXFileReference; lastKnownFileType = sourcecode.swift; path = "Fixit-1.1.0.swift"; sourceTree = "<group>"; };
		"__PBXFileRef_Packages/Mustache-2.0.0/Sources/Formatter.swift" /* Formatter.swift */ = {isa = PBXFileReference; lastKnownFileType = sourcecode.swift; path = Formatter.swift; sourceTree = "<group>"; };
		"__PBXFileRef_Packages/Mustache-2.0.0/Sources/Foundation.swift" /* Foundation.swift */ = {isa = PBXFileReference; lastKnownFileType = sourcecode.swift; path = Foundation.swift; sourceTree = "<group>"; };
		"__PBXFileRef_Packages/Mustache-2.0.0/Sources/HTMLEscapeHelper.swift" /* HTMLEscapeHelper.swift */ = {isa = PBXFileReference; lastKnownFileType = sourcecode.swift; path = HTMLEscapeHelper.swift; sourceTree = "<group>"; };
		"__PBXFileRef_Packages/Mustache-2.0.0/Sources/JavascriptEscapeHelper.swift" /* JavascriptEscapeHelper.swift */ = {isa = PBXFileReference; lastKnownFileType = sourcecode.swift; path = JavascriptEscapeHelper.swift; sourceTree = "<group>"; };
		"__PBXFileRef_Packages/Mustache-2.0.0/Sources/Localizer.swift" /* Localizer.swift */ = {isa = PBXFileReference; lastKnownFileType = sourcecode.swift; path = Localizer.swift; sourceTree = "<group>"; };
		"__PBXFileRef_Packages/Mustache-2.0.0/Sources/LocatedTag.swift" /* LocatedTag.swift */ = {isa = PBXFileReference; lastKnownFileType = sourcecode.swift; path = LocatedTag.swift; sourceTree = "<group>"; };
		"__PBXFileRef_Packages/Mustache-2.0.0/Sources/Logger.swift" /* Logger.swift */ = {isa = PBXFileReference; lastKnownFileType = sourcecode.swift; path = Logger.swift; sourceTree = "<group>"; };
		"__PBXFileRef_Packages/Mustache-2.0.0/Sources/MustacheBox.swift" /* MustacheBox.swift */ = {isa = PBXFileReference; lastKnownFileType = sourcecode.swift; path = MustacheBox.swift; sourceTree = "<group>"; };
		"__PBXFileRef_Packages/Mustache-2.0.0/Sources/RenderingEngine.swift" /* RenderingEngine.swift */ = {isa = PBXFileReference; lastKnownFileType = sourcecode.swift; path = RenderingEngine.swift; sourceTree = "<group>"; };
		"__PBXFileRef_Packages/Mustache-2.0.0/Sources/SectionTag.swift" /* SectionTag.swift */ = {isa = PBXFileReference; lastKnownFileType = sourcecode.swift; path = SectionTag.swift; sourceTree = "<group>"; };
		"__PBXFileRef_Packages/Mustache-2.0.0/Sources/StandardLibrary.swift" /* StandardLibrary.swift */ = {isa = PBXFileReference; lastKnownFileType = sourcecode.swift; path = StandardLibrary.swift; sourceTree = "<group>"; };
		"__PBXFileRef_Packages/Mustache-2.0.0/Sources/SwiftStandardLibrary.swift" /* SwiftStandardLibrary.swift */ = {isa = PBXFileReference; lastKnownFileType = sourcecode.swift; path = SwiftStandardLibrary.swift; sourceTree = "<group>"; };
		"__PBXFileRef_Packages/Mustache-2.0.0/Sources/Tag.swift" /* Tag.swift */ = {isa = PBXFileReference; lastKnownFileType = sourcecode.swift; path = Tag.swift; sourceTree = "<group>"; };
		"__PBXFileRef_Packages/Mustache-2.0.0/Sources/Template.swift" /* Template.swift */ = {isa = PBXFileReference; lastKnownFileType = sourcecode.swift; path = Template.swift; sourceTree = "<group>"; };
		"__PBXFileRef_Packages/Mustache-2.0.0/Sources/TemplateAST.swift" /* TemplateAST.swift */ = {isa = PBXFileReference; lastKnownFileType = sourcecode.swift; path = TemplateAST.swift; sourceTree = "<group>"; };
		"__PBXFileRef_Packages/Mustache-2.0.0/Sources/TemplateASTNode.swift" /* TemplateASTNode.swift */ = {isa = PBXFileReference; lastKnownFileType = sourcecode.swift; path = TemplateASTNode.swift; sourceTree = "<group>"; };
		"__PBXFileRef_Packages/Mustache-2.0.0/Sources/TemplateCompiler.swift" /* TemplateCompiler.swift */ = {isa = PBXFileReference; lastKnownFileType = sourcecode.swift; path = TemplateCompiler.swift; sourceTree = "<group>"; };
		"__PBXFileRef_Packages/Mustache-2.0.0/Sources/TemplateGenerator.swift" /* TemplateGenerator.swift */ = {isa = PBXFileReference; lastKnownFileType = sourcecode.swift; path = TemplateGenerator.swift; sourceTree = "<group>"; };
		"__PBXFileRef_Packages/Mustache-2.0.0/Sources/TemplateParser.swift" /* TemplateParser.swift */ = {isa = PBXFileReference; lastKnownFileType = sourcecode.swift; path = TemplateParser.swift; sourceTree = "<group>"; };
		"__PBXFileRef_Packages/Mustache-2.0.0/Sources/TemplateRepository.swift" /* TemplateRepository.swift */ = {isa = PBXFileReference; lastKnownFileType = sourcecode.swift; path = TemplateRepository.swift; sourceTree = "<group>"; };
		"__PBXFileRef_Packages/Mustache-2.0.0/Sources/TemplateToken.swift" /* TemplateToken.swift */ = {isa = PBXFileReference; lastKnownFileType = sourcecode.swift; path = TemplateToken.swift; sourceTree = "<group>"; };
		"__PBXFileRef_Packages/Mustache-2.0.0/Sources/URLEscapeHelper.swift" /* URLEscapeHelper.swift */ = {isa = PBXFileReference; lastKnownFileType = sourcecode.swift; path = URLEscapeHelper.swift; sourceTree = "<group>"; };
		"__PBXFileRef_Packages/Mustache-2.0.0/Sources/VariableTag.swift" /* VariableTag.swift */ = {isa = PBXFileReference; lastKnownFileType = sourcecode.swift; path = VariableTag.swift; sourceTree = "<group>"; };
		"__PBXFileRef_Packages/Mustache-2.0.0/Sources/ZipFilter.swift" /* ZipFilter.swift */ = {isa = PBXFileReference; lastKnownFileType = sourcecode.swift; path = ZipFilter.swift; sourceTree = "<group>"; };
		"__PBXFileRef_Packages/Yaml-3.0.0/Yaml/YAMLOperators.swift" /* YAMLOperators.swift */ = {isa = PBXFileReference; lastKnownFileType = sourcecode.swift; path = YAMLOperators.swift; sourceTree = "<group>"; };
		"__PBXFileRef_Packages/Yaml-3.0.0/Yaml/YAMLParser.swift" /* YAMLParser.swift */ = {isa = PBXFileReference; lastKnownFileType = sourcecode.swift; path = YAMLParser.swift; sourceTree = "<group>"; };
		"__PBXFileRef_Packages/Yaml-3.0.0/Yaml/YAMLRegex.swift" /* YAMLRegex.swift */ = {isa = PBXFileReference; lastKnownFileType = sourcecode.swift; path = YAMLRegex.swift; sourceTree = "<group>"; };
		"__PBXFileRef_Packages/Yaml-3.0.0/Yaml/YAMLResult.swift" /* YAMLResult.swift */ = {isa = PBXFileReference; lastKnownFileType = sourcecode.swift; path = YAMLResult.swift; sourceTree = "<group>"; };
		"__PBXFileRef_Packages/Yaml-3.0.0/Yaml/YAMLTokenizer.swift" /* YAMLTokenizer.swift */ = {isa = PBXFileReference; lastKnownFileType = sourcecode.swift; path = YAMLTokenizer.swift; sourceTree = "<group>"; };
		"__PBXFileRef_Packages/Yaml-3.0.0/Yaml/Yaml.swift" /* Yaml.swift */ = {isa = PBXFileReference; lastKnownFileType = sourcecode.swift; path = Yaml.swift; sourceTree = "<group>"; };
		__PBXFileRef_Sources/ANSIColors.swift /* ANSIColors.swift */ = {isa = PBXFileReference; lastKnownFileType = sourcecode.swift; path = ANSIColors.swift; sourceTree = "<group>"; };
		__PBXFileRef_Sources/Helpers.swift /* Helpers.swift */ = {isa = PBXFileReference; lastKnownFileType = sourcecode.swift; path = Helpers.swift; sourceTree = "<group>"; };
		__PBXFileRef_Sources/TemplatesService.swift /* TemplatesService.swift */ = {isa = PBXFileReference; indentWidth = 4; lastKnownFileType = sourcecode.swift; path = TemplatesService.swift; sourceTree = "<group>"; tabWidth = 4; };
		__PBXFileRef_Sources/main.swift /* main.swift */ = {isa = PBXFileReference; lastKnownFileType = sourcecode.swift; path = main.swift; sourceTree = "<group>"; };
		__PBXFileRef_vipergen.xcodeproj/Configs/Project.xcconfig /* vipergen.xcodeproj/Configs/Project.xcconfig */ = {isa = PBXFileReference; lastKnownFileType = text.xcconfig; path = vipergen.xcodeproj/Configs/Project.xcconfig; sourceTree = "<group>"; };
		"_____Product_Mustache" /* Mustache.framework */ = {isa = PBXFileReference; explicitFileType = wrapper.framework; path = Mustache.framework; sourceTree = BUILT_PRODUCTS_DIR; };
		"_____Product_Yaml" /* Yaml.framework */ = {isa = PBXFileReference; explicitFileType = wrapper.framework; path = Yaml.framework; sourceTree = BUILT_PRODUCTS_DIR; };
		"_____Product_vipergen" /* vipergen */ = {isa = PBXFileReference; explicitFileType = "compiled.mach-o.executable"; path = vipergen; sourceTree = BUILT_PRODUCTS_DIR; };
/* End PBXFileReference section */

/* Begin PBXFrameworksBuildPhase section */
		"___LinkPhase_Mustache" /* Frameworks */ = {
			isa = PBXFrameworksBuildPhase;
			buildActionMask = 0;
			files = (
			);
			runOnlyForDeploymentPostprocessing = 0;
		};
		"___LinkPhase_Yaml" /* Frameworks */ = {
			isa = PBXFrameworksBuildPhase;
			buildActionMask = 0;
			files = (
			);
			runOnlyForDeploymentPostprocessing = 0;
		};
		"___LinkPhase_vipergen" /* Frameworks */ = {
			isa = PBXFrameworksBuildPhase;
			buildActionMask = 0;
			files = (
				_LinkFileRef_Mustache_via_vipergen /* Mustache.framework in Frameworks */,
				_LinkFileRef_Yaml_via_vipergen /* Yaml.framework in Frameworks */,
			);
			runOnlyForDeploymentPostprocessing = 0;
		};
/* End PBXFrameworksBuildPhase section */

/* Begin PBXGroup section */
		Dependencies_ /* Dependencies */ = {
			isa = PBXGroup;
			children = (
				"_______Group_Mustache" /* Mustache */,
				"_______Group_Yaml" /* Yaml */,
			);
			name = Dependencies;
			sourceTree = "<group>";
		};
		"___RootGroup_" = {
			isa = PBXGroup;
			children = (
				__PBXFileRef_Package.swift /* Package.swift */,
				"_____Configs_" /* Configs */,
				"_____Sources_" /* Sources */,
				Dependencies_ /* Dependencies */,
				"____Products_" /* Products */,
			);
			sourceTree = "<group>";
		};
		"____Products_" /* Products */ = {
			isa = PBXGroup;
			children = (
				"_____Product_Mustache" /* Mustache.framework */,
				"_____Product_Yaml" /* Yaml.framework */,
				"_____Product_vipergen" /* vipergen */,
			);
			name = Products;
			sourceTree = "<group>";
		};
		"_____Configs_" /* Configs */ = {
			isa = PBXGroup;
			children = (
				__PBXFileRef_vipergen.xcodeproj/Configs/Project.xcconfig /* vipergen.xcodeproj/Configs/Project.xcconfig */,
			);
			name = Configs;
			sourceTree = "<group>";
		};
		"_____Sources_" /* Sources */ = {
			isa = PBXGroup;
			children = (
				"_______Group_vipergen" /* vipergen */,
			);
			name = Sources;
			sourceTree = "<group>";
		};
		"_______Group_Mustache" /* Mustache */ = {
			isa = PBXGroup;
			children = (
				"__PBXFileRef_Packages/Mustache-2.0.0/Sources/Box.swift" /* Box.swift */,
				"__PBXFileRef_Packages/Mustache-2.0.0/Sources/Common.swift" /* Common.swift */,
				"__PBXFileRef_Packages/Mustache-2.0.0/Sources/Configuration.swift" /* Configuration.swift */,
				"__PBXFileRef_Packages/Mustache-2.0.0/Sources/Context.swift" /* Context.swift */,
				"__PBXFileRef_Packages/Mustache-2.0.0/Sources/CoreFunctions.swift" /* CoreFunctions.swift */,
				"__PBXFileRef_Packages/Mustache-2.0.0/Sources/CoreGraphics.swift" /* CoreGraphics.swift */,
				"__PBXFileRef_Packages/Mustache-2.0.0/Sources/EachFilter.swift" /* EachFilter.swift */,
				"__PBXFileRef_Packages/Mustache-2.0.0/Sources/Expression.swift" /* Expression.swift */,
				"__PBXFileRef_Packages/Mustache-2.0.0/Sources/ExpressionGenerator.swift" /* ExpressionGenerator.swift */,
				"__PBXFileRef_Packages/Mustache-2.0.0/Sources/ExpressionInvocation.swift" /* ExpressionInvocation.swift */,
				"__PBXFileRef_Packages/Mustache-2.0.0/Sources/ExpressionParser.swift" /* ExpressionParser.swift */,
				"__PBXFileRef_Packages/Mustache-2.0.0/Sources/Fixit-1.1.0.swift" /* Fixit-1.1.0.swift */,
				"__PBXFileRef_Packages/Mustache-2.0.0/Sources/Formatter.swift" /* Formatter.swift */,
				"__PBXFileRef_Packages/Mustache-2.0.0/Sources/Foundation.swift" /* Foundation.swift */,
				"__PBXFileRef_Packages/Mustache-2.0.0/Sources/HTMLEscapeHelper.swift" /* HTMLEscapeHelper.swift */,
				"__PBXFileRef_Packages/Mustache-2.0.0/Sources/JavascriptEscapeHelper.swift" /* JavascriptEscapeHelper.swift */,
				"__PBXFileRef_Packages/Mustache-2.0.0/Sources/Localizer.swift" /* Localizer.swift */,
				"__PBXFileRef_Packages/Mustache-2.0.0/Sources/LocatedTag.swift" /* LocatedTag.swift */,
				"__PBXFileRef_Packages/Mustache-2.0.0/Sources/Logger.swift" /* Logger.swift */,
				"__PBXFileRef_Packages/Mustache-2.0.0/Sources/MustacheBox.swift" /* MustacheBox.swift */,
				"__PBXFileRef_Packages/Mustache-2.0.0/Sources/RenderingEngine.swift" /* RenderingEngine.swift */,
				"__PBXFileRef_Packages/Mustache-2.0.0/Sources/SectionTag.swift" /* SectionTag.swift */,
				"__PBXFileRef_Packages/Mustache-2.0.0/Sources/StandardLibrary.swift" /* StandardLibrary.swift */,
				"__PBXFileRef_Packages/Mustache-2.0.0/Sources/SwiftStandardLibrary.swift" /* SwiftStandardLibrary.swift */,
				"__PBXFileRef_Packages/Mustache-2.0.0/Sources/Tag.swift" /* Tag.swift */,
				"__PBXFileRef_Packages/Mustache-2.0.0/Sources/Template.swift" /* Template.swift */,
				"__PBXFileRef_Packages/Mustache-2.0.0/Sources/TemplateAST.swift" /* TemplateAST.swift */,
				"__PBXFileRef_Packages/Mustache-2.0.0/Sources/TemplateASTNode.swift" /* TemplateASTNode.swift */,
				"__PBXFileRef_Packages/Mustache-2.0.0/Sources/TemplateCompiler.swift" /* TemplateCompiler.swift */,
				"__PBXFileRef_Packages/Mustache-2.0.0/Sources/TemplateGenerator.swift" /* TemplateGenerator.swift */,
				"__PBXFileRef_Packages/Mustache-2.0.0/Sources/TemplateParser.swift" /* TemplateParser.swift */,
				"__PBXFileRef_Packages/Mustache-2.0.0/Sources/TemplateRepository.swift" /* TemplateRepository.swift */,
				"__PBXFileRef_Packages/Mustache-2.0.0/Sources/TemplateToken.swift" /* TemplateToken.swift */,
				"__PBXFileRef_Packages/Mustache-2.0.0/Sources/URLEscapeHelper.swift" /* URLEscapeHelper.swift */,
				"__PBXFileRef_Packages/Mustache-2.0.0/Sources/VariableTag.swift" /* VariableTag.swift */,
				"__PBXFileRef_Packages/Mustache-2.0.0/Sources/ZipFilter.swift" /* ZipFilter.swift */,
			);
			name = Mustache;
			path = "Packages/Mustache-2.0.0/Sources";
			sourceTree = "<group>";
		};
		"_______Group_Yaml" /* Yaml */ = {
			isa = PBXGroup;
			children = (
				"__PBXFileRef_Packages/Yaml-3.0.0/Yaml/Yaml.swift" /* Yaml.swift */,
				"__PBXFileRef_Packages/Yaml-3.0.0/Yaml/YAMLOperators.swift" /* YAMLOperators.swift */,
				"__PBXFileRef_Packages/Yaml-3.0.0/Yaml/YAMLParser.swift" /* YAMLParser.swift */,
				"__PBXFileRef_Packages/Yaml-3.0.0/Yaml/YAMLRegex.swift" /* YAMLRegex.swift */,
				"__PBXFileRef_Packages/Yaml-3.0.0/Yaml/YAMLResult.swift" /* YAMLResult.swift */,
				"__PBXFileRef_Packages/Yaml-3.0.0/Yaml/YAMLTokenizer.swift" /* YAMLTokenizer.swift */,
			);
			name = Yaml;
			path = "Packages/Yaml-3.0.0/Yaml";
			sourceTree = "<group>";
		};
		"_______Group_vipergen" /* vipergen */ = {
			isa = PBXGroup;
			children = (
				__PBXFileRef_Sources/ANSIColors.swift /* ANSIColors.swift */,
				__PBXFileRef_Sources/Helpers.swift /* Helpers.swift */,
				__PBXFileRef_Sources/main.swift /* main.swift */,
				__PBXFileRef_Sources/TemplatesService.swift /* TemplatesService.swift */,
			);
			name = vipergen;
			path = Sources;
			sourceTree = "<group>";
		};
/* End PBXGroup section */

/* Begin PBXNativeTarget section */
		"______Target_Mustache" /* Mustache */ = {
			isa = PBXNativeTarget;
			buildConfigurationList = "_______Confs_Mustache" /* Build configuration list for PBXNativeTarget "Mustache" */;
			buildPhases = (
				CompilePhase_Mustache /* Sources */,
				"___LinkPhase_Mustache" /* Frameworks */,
			);
			buildRules = (
			);
			dependencies = (
			);
			name = Mustache;
			productName = Mustache;
			productReference = "_____Product_Mustache" /* Mustache.framework */;
			productType = "com.apple.product-type.framework";
		};
		"______Target_Yaml" /* Yaml */ = {
			isa = PBXNativeTarget;
			buildConfigurationList = "_______Confs_Yaml" /* Build configuration list for PBXNativeTarget "Yaml" */;
			buildPhases = (
				CompilePhase_Yaml /* Sources */,
				"___LinkPhase_Yaml" /* Frameworks */,
			);
			buildRules = (
			);
			dependencies = (
			);
			name = Yaml;
			productName = Yaml;
			productReference = "_____Product_Yaml" /* Yaml.framework */;
			productType = "com.apple.product-type.framework";
		};
		"______Target_vipergen" /* vipergen */ = {
			isa = PBXNativeTarget;
			buildConfigurationList = "_______Confs_vipergen" /* Build configuration list for PBXNativeTarget "vipergen" */;
			buildPhases = (
				CompilePhase_vipergen /* Sources */,
				"___LinkPhase_vipergen" /* Frameworks */,
			);
			buildRules = (
			);
			dependencies = (
				__Dependency_Mustache /* PBXTargetDependency */,
				__Dependency_Yaml /* PBXTargetDependency */,
			);
			name = vipergen;
			productName = vipergen;
			productReference = "_____Product_vipergen" /* vipergen */;
			productType = "com.apple.product-type.tool";
		};
/* End PBXNativeTarget section */

/* Begin PBXProject section */
		__RootObject_ /* Project object */ = {
			isa = PBXProject;
			attributes = {
				LastUpgradeCheck = 9999;
			};
			buildConfigurationList = "___RootConfs_" /* Build configuration list for PBXProject "vipergen" */;
			compatibilityVersion = "Xcode 3.2";
			developmentRegion = English;
			hasScannedForEncodings = 0;
			knownRegions = (
				en,
			);
			mainGroup = "___RootGroup_";
			productRefGroup = "____Products_" /* Products */;
			projectDirPath = "";
			projectRoot = "";
			targets = (
				"______Target_Mustache" /* Mustache */,
				"______Target_Yaml" /* Yaml */,
				"______Target_vipergen" /* vipergen */,
			);
		};
/* End PBXProject section */

/* Begin PBXSourcesBuildPhase section */
		CompilePhase_Mustache /* Sources */ = {
			isa = PBXSourcesBuildPhase;
			buildActionMask = 0;
			files = (
				"__src_cc_ref_Packages/Mustache-2.0.0/Sources/Box.swift" /* Box.swift in Sources */,
				"__src_cc_ref_Packages/Mustache-2.0.0/Sources/Common.swift" /* Common.swift in Sources */,
				"__src_cc_ref_Packages/Mustache-2.0.0/Sources/Configuration.swift" /* Configuration.swift in Sources */,
				"__src_cc_ref_Packages/Mustache-2.0.0/Sources/Context.swift" /* Context.swift in Sources */,
				"__src_cc_ref_Packages/Mustache-2.0.0/Sources/CoreFunctions.swift" /* CoreFunctions.swift in Sources */,
				"__src_cc_ref_Packages/Mustache-2.0.0/Sources/CoreGraphics.swift" /* CoreGraphics.swift in Sources */,
				"__src_cc_ref_Packages/Mustache-2.0.0/Sources/EachFilter.swift" /* EachFilter.swift in Sources */,
				"__src_cc_ref_Packages/Mustache-2.0.0/Sources/Expression.swift" /* Expression.swift in Sources */,
				"__src_cc_ref_Packages/Mustache-2.0.0/Sources/ExpressionGenerator.swift" /* ExpressionGenerator.swift in Sources */,
				"__src_cc_ref_Packages/Mustache-2.0.0/Sources/ExpressionInvocation.swift" /* ExpressionInvocation.swift in Sources */,
				"__src_cc_ref_Packages/Mustache-2.0.0/Sources/ExpressionParser.swift" /* ExpressionParser.swift in Sources */,
				"__src_cc_ref_Packages/Mustache-2.0.0/Sources/Fixit-1.1.0.swift" /* Fixit-1.1.0.swift in Sources */,
				"__src_cc_ref_Packages/Mustache-2.0.0/Sources/Formatter.swift" /* Formatter.swift in Sources */,
				"__src_cc_ref_Packages/Mustache-2.0.0/Sources/Foundation.swift" /* Foundation.swift in Sources */,
				"__src_cc_ref_Packages/Mustache-2.0.0/Sources/HTMLEscapeHelper.swift" /* HTMLEscapeHelper.swift in Sources */,
				"__src_cc_ref_Packages/Mustache-2.0.0/Sources/JavascriptEscapeHelper.swift" /* JavascriptEscapeHelper.swift in Sources */,
				"__src_cc_ref_Packages/Mustache-2.0.0/Sources/Localizer.swift" /* Localizer.swift in Sources */,
				"__src_cc_ref_Packages/Mustache-2.0.0/Sources/LocatedTag.swift" /* LocatedTag.swift in Sources */,
				"__src_cc_ref_Packages/Mustache-2.0.0/Sources/Logger.swift" /* Logger.swift in Sources */,
				"__src_cc_ref_Packages/Mustache-2.0.0/Sources/MustacheBox.swift" /* MustacheBox.swift in Sources */,
				"__src_cc_ref_Packages/Mustache-2.0.0/Sources/RenderingEngine.swift" /* RenderingEngine.swift in Sources */,
				"__src_cc_ref_Packages/Mustache-2.0.0/Sources/SectionTag.swift" /* SectionTag.swift in Sources */,
				"__src_cc_ref_Packages/Mustache-2.0.0/Sources/StandardLibrary.swift" /* StandardLibrary.swift in Sources */,
				"__src_cc_ref_Packages/Mustache-2.0.0/Sources/SwiftStandardLibrary.swift" /* SwiftStandardLibrary.swift in Sources */,
				"__src_cc_ref_Packages/Mustache-2.0.0/Sources/Tag.swift" /* Tag.swift in Sources */,
				"__src_cc_ref_Packages/Mustache-2.0.0/Sources/Template.swift" /* Template.swift in Sources */,
				"__src_cc_ref_Packages/Mustache-2.0.0/Sources/TemplateAST.swift" /* TemplateAST.swift in Sources */,
				"__src_cc_ref_Packages/Mustache-2.0.0/Sources/TemplateASTNode.swift" /* TemplateASTNode.swift in Sources */,
				"__src_cc_ref_Packages/Mustache-2.0.0/Sources/TemplateCompiler.swift" /* TemplateCompiler.swift in Sources */,
				"__src_cc_ref_Packages/Mustache-2.0.0/Sources/TemplateGenerator.swift" /* TemplateGenerator.swift in Sources */,
				"__src_cc_ref_Packages/Mustache-2.0.0/Sources/TemplateParser.swift" /* TemplateParser.swift in Sources */,
				"__src_cc_ref_Packages/Mustache-2.0.0/Sources/TemplateRepository.swift" /* TemplateRepository.swift in Sources */,
				"__src_cc_ref_Packages/Mustache-2.0.0/Sources/TemplateToken.swift" /* TemplateToken.swift in Sources */,
				"__src_cc_ref_Packages/Mustache-2.0.0/Sources/URLEscapeHelper.swift" /* URLEscapeHelper.swift in Sources */,
				"__src_cc_ref_Packages/Mustache-2.0.0/Sources/VariableTag.swift" /* VariableTag.swift in Sources */,
				"__src_cc_ref_Packages/Mustache-2.0.0/Sources/ZipFilter.swift" /* ZipFilter.swift in Sources */,
			);
			runOnlyForDeploymentPostprocessing = 0;
		};
		CompilePhase_Yaml /* Sources */ = {
			isa = PBXSourcesBuildPhase;
			buildActionMask = 0;
			files = (
				"__src_cc_ref_Packages/Yaml-3.0.0/Yaml/Yaml.swift" /* Yaml.swift in Sources */,
				"__src_cc_ref_Packages/Yaml-3.0.0/Yaml/YAMLOperators.swift" /* YAMLOperators.swift in Sources */,
				"__src_cc_ref_Packages/Yaml-3.0.0/Yaml/YAMLParser.swift" /* YAMLParser.swift in Sources */,
				"__src_cc_ref_Packages/Yaml-3.0.0/Yaml/YAMLRegex.swift" /* YAMLRegex.swift in Sources */,
				"__src_cc_ref_Packages/Yaml-3.0.0/Yaml/YAMLResult.swift" /* YAMLResult.swift in Sources */,
				"__src_cc_ref_Packages/Yaml-3.0.0/Yaml/YAMLTokenizer.swift" /* YAMLTokenizer.swift in Sources */,
			);
			runOnlyForDeploymentPostprocessing = 0;
		};
		CompilePhase_vipergen /* Sources */ = {
			isa = PBXSourcesBuildPhase;
			buildActionMask = 0;
			files = (
				__src_cc_ref_Sources/ANSIColors.swift /* ANSIColors.swift in Sources */,
				__src_cc_ref_Sources/Helpers.swift /* Helpers.swift in Sources */,
				__src_cc_ref_Sources/main.swift /* main.swift in Sources */,
				__src_cc_ref_Sources/TemplatesService.swift /* TemplatesService.swift in Sources */,
			);
			runOnlyForDeploymentPostprocessing = 0;
		};
/* End PBXSourcesBuildPhase section */

/* Begin PBXTargetDependency section */
		__Dependency_Mustache /* PBXTargetDependency */ = {
			isa = PBXTargetDependency;
			target = "______Target_Mustache" /* Mustache */;
			targetProxy = 73DCE6D71DBD072300EC2D0A /* PBXContainerItemProxy */;
		};
		__Dependency_Yaml /* PBXTargetDependency */ = {
			isa = PBXTargetDependency;
			target = "______Target_Yaml" /* Yaml */;
			targetProxy = 73DCE6D81DBD072300EC2D0A /* PBXContainerItemProxy */;
		};
/* End PBXTargetDependency section */

/* Begin XCBuildConfiguration section */
		_ReleaseConf_Mustache /* Release */ = {
			isa = XCBuildConfiguration;
			buildSettings = {
				ENABLE_TESTABILITY = YES;
				FRAMEWORK_SEARCH_PATHS = "$(PLATFORM_DIR)/Developer/Library/Frameworks";
				INFOPLIST_FILE = vipergen.xcodeproj/Mustache_Info.plist;
				LD_RUNPATH_SEARCH_PATHS = "$(TOOLCHAIN_DIR)/usr/lib/swift/macosx";
				OTHER_LDFLAGS = "$(inherited)";
				OTHER_SWIFT_FLAGS = "$(inherited)";
				PRODUCT_BUNDLE_IDENTIFIER = Mustache;
				PRODUCT_MODULE_NAME = "$(TARGET_NAME:c99extidentifier)";
				PRODUCT_NAME = "$(TARGET_NAME:c99extidentifier)";
				SWIFT_VERSION = 3.0;
			};
			name = Release;
		};
		_ReleaseConf_Yaml /* Release */ = {
			isa = XCBuildConfiguration;
			buildSettings = {
				ENABLE_TESTABILITY = YES;
				FRAMEWORK_SEARCH_PATHS = "$(PLATFORM_DIR)/Developer/Library/Frameworks";
				INFOPLIST_FILE = vipergen.xcodeproj/Yaml_Info.plist;
				LD_RUNPATH_SEARCH_PATHS = "$(TOOLCHAIN_DIR)/usr/lib/swift/macosx";
				OTHER_LDFLAGS = "$(inherited)";
				OTHER_SWIFT_FLAGS = "$(inherited)";
				PRODUCT_BUNDLE_IDENTIFIER = Yaml;
				PRODUCT_MODULE_NAME = "$(TARGET_NAME:c99extidentifier)";
				PRODUCT_NAME = "$(TARGET_NAME:c99extidentifier)";
				SWIFT_VERSION = 3.0;
			};
			name = Release;
		};
		_ReleaseConf_vipergen /* Release */ = {
			isa = XCBuildConfiguration;
			buildSettings = {
				FRAMEWORK_SEARCH_PATHS = "$(PLATFORM_DIR)/Developer/Library/Frameworks";
				LD_RUNPATH_SEARCH_PATHS = "$(TOOLCHAIN_DIR)/usr/lib/swift/macosx @executable_path";
				OTHER_LDFLAGS = "$(inherited)";
				OTHER_SWIFT_FLAGS = "$(inherited)";
				SWIFT_FORCE_DYNAMIC_LINK_STDLIB = YES;
				SWIFT_FORCE_STATIC_LINK_STDLIB = NO;
				SWIFT_VERSION = 3.0;
			};
			name = Release;
		};
		"___DebugConf_Mustache" /* Debug */ = {
			isa = XCBuildConfiguration;
			buildSettings = {
				ENABLE_TESTABILITY = YES;
				FRAMEWORK_SEARCH_PATHS = "$(PLATFORM_DIR)/Developer/Library/Frameworks";
				INFOPLIST_FILE = vipergen.xcodeproj/Mustache_Info.plist;
				LD_RUNPATH_SEARCH_PATHS = "$(TOOLCHAIN_DIR)/usr/lib/swift/macosx";
				OTHER_LDFLAGS = "$(inherited)";
				OTHER_SWIFT_FLAGS = "$(inherited)";
				PRODUCT_BUNDLE_IDENTIFIER = Mustache;
				PRODUCT_MODULE_NAME = "$(TARGET_NAME:c99extidentifier)";
				PRODUCT_NAME = "$(TARGET_NAME:c99extidentifier)";
				SWIFT_OPTIMIZATION_LEVEL = "-Onone";
				SWIFT_VERSION = 3.0;
			};
			name = Debug;
		};
		"___DebugConf_Yaml" /* Debug */ = {
			isa = XCBuildConfiguration;
			buildSettings = {
				ENABLE_TESTABILITY = YES;
				FRAMEWORK_SEARCH_PATHS = "$(PLATFORM_DIR)/Developer/Library/Frameworks";
				INFOPLIST_FILE = vipergen.xcodeproj/Yaml_Info.plist;
				LD_RUNPATH_SEARCH_PATHS = "$(TOOLCHAIN_DIR)/usr/lib/swift/macosx";
				OTHER_LDFLAGS = "$(inherited)";
				OTHER_SWIFT_FLAGS = "$(inherited)";
				PRODUCT_BUNDLE_IDENTIFIER = Yaml;
				PRODUCT_MODULE_NAME = "$(TARGET_NAME:c99extidentifier)";
				PRODUCT_NAME = "$(TARGET_NAME:c99extidentifier)";
				SWIFT_OPTIMIZATION_LEVEL = "-Onone";
				SWIFT_VERSION = 3.0;
			};
			name = Debug;
		};
		"___DebugConf_vipergen" /* Debug */ = {
			isa = XCBuildConfiguration;
			buildSettings = {
				FRAMEWORK_SEARCH_PATHS = "$(PLATFORM_DIR)/Developer/Library/Frameworks";
				LD_RUNPATH_SEARCH_PATHS = "$(TOOLCHAIN_DIR)/usr/lib/swift/macosx @executable_path";
				OTHER_LDFLAGS = "$(inherited)";
				OTHER_SWIFT_FLAGS = "$(inherited)";
				SWIFT_FORCE_DYNAMIC_LINK_STDLIB = YES;
				SWIFT_FORCE_STATIC_LINK_STDLIB = NO;
				SWIFT_OPTIMIZATION_LEVEL = "-Onone";
				SWIFT_VERSION = 3.0;
			};
			name = Debug;
		};
		"_____Release_" /* Release */ = {
			isa = XCBuildConfiguration;
			baseConfigurationReference = __PBXFileRef_vipergen.xcodeproj/Configs/Project.xcconfig /* vipergen.xcodeproj/Configs/Project.xcconfig */;
			buildSettings = {
			};
			name = Release;
		};
		"_______Debug_" /* Debug */ = {
			isa = XCBuildConfiguration;
			baseConfigurationReference = __PBXFileRef_vipergen.xcodeproj/Configs/Project.xcconfig /* vipergen.xcodeproj/Configs/Project.xcconfig */;
			buildSettings = {
			};
			name = Debug;
		};
/* End XCBuildConfiguration section */

/* Begin XCConfigurationList section */
		"___RootConfs_" /* Build configuration list for PBXProject "vipergen" */ = {
			isa = XCConfigurationList;
			buildConfigurations = (
				"_______Debug_" /* Debug */,
				"_____Release_" /* Release */,
			);
			defaultConfigurationIsVisible = 0;
			defaultConfigurationName = Debug;
		};
		"_______Confs_Mustache" /* Build configuration list for PBXNativeTarget "Mustache" */ = {
			isa = XCConfigurationList;
			buildConfigurations = (
				"___DebugConf_Mustache" /* Debug */,
				_ReleaseConf_Mustache /* Release */,
			);
			defaultConfigurationIsVisible = 0;
			defaultConfigurationName = Debug;
		};
		"_______Confs_Yaml" /* Build configuration list for PBXNativeTarget "Yaml" */ = {
			isa = XCConfigurationList;
			buildConfigurations = (
				"___DebugConf_Yaml" /* Debug */,
				_ReleaseConf_Yaml /* Release */,
			);
			defaultConfigurationIsVisible = 0;
			defaultConfigurationName = Debug;
		};
		"_______Confs_vipergen" /* Build configuration list for PBXNativeTarget "vipergen" */ = {
			isa = XCConfigurationList;
			buildConfigurations = (
				"___DebugConf_vipergen" /* Debug */,
				_ReleaseConf_vipergen /* Release */,
			);
			defaultConfigurationIsVisible = 0;
			defaultConfigurationName = Debug;
		};
/* End XCConfigurationList section */
	};
	rootObject = __RootObject_ /* Project object */;
}
